<?xml version="1.0" encoding="utf-8"?>
<Project ToolsVersion="4.0" xmlns="http://schemas.microsoft.com/developer/msbuild/2003">
  <ItemGroup>
    <Filter Include="ImGui">
      <UniqueIdentifier>{C0FF640D-2C14-8DBE-F595-301E616989EF}</UniqueIdentifier>
    </Filter>
    <Filter Include="Input">
      <UniqueIdentifier>{953A660D-014F-8EBE-CAD0-311E36A48AEF}</UniqueIdentifier>
    </Filter>
    <Filter Include="UI">
      <UniqueIdentifier>{83755900-6F01-880B-D8AF-880BC45A880B}</UniqueIdentifier>
    </Filter>
  </ItemGroup>
  <ItemGroup>
    <ClInclude Include="src\ZeroEngine\Application.h" />
    <ClInclude Include="src\ZeroEngine\EntryPoint.h" />
    <ClInclude Include="src\ZeroEngine\ImGuiTheme.h" />
    <ClInclude Include="src\ZeroEngine\Image.h" />
    <ClInclude Include="src\ZeroEngine\Input\Input.h">
      <Filter>Input</Filter>
    </ClInclude>
    <ClInclude Include="src\ZeroEngine\Input\KeyCodes.h">
      <Filter>Input</Filter>
    </ClInclude>
    <ClInclude Include="src\ZeroEngine\Layer.h" />
    <ClInclude Include="src\ZeroEngine\Random.h" />
    <ClInclude Include="src\ZeroEngine\Timer.h" />
    <ClInclude Include="src\ZeroEngine\UI\UI.h">
      <Filter>UI</Filter>
    </ClInclude>
  </ItemGroup>
  <ItemGroup>
    <ClCompile Include="src\ZeroEngine\Application.cpp" />
    <ClCompile Include="src\ZeroEngine\ImGui\ImGuiBuild.cpp">
      <Filter>ImGui</Filter>
    </ClCompile>
    <ClCompile Include="src\ZeroEngine\ImGuiTheme.cpp" />
    <ClCompile Include="src\ZeroEngine\Image.cpp" />
    <ClCompile Include="src\ZeroEngine\Input\Input.cpp">
      <Filter>Input</Filter>
    </ClCompile>
    <ClCompile Include="src\ZeroEngine\Random.cpp" />
    <ClCompile Include="src\ZeroEngine\UI\UI.cpp">
      <Filter>UI</Filter>
    </ClCompile>
  </ItemGroup>
</Project>